{
  "name": "ai",
  "version": "1.0.0",
  "lockfileVersion": 3,
  "requires": true,
  "packages": {
    "": {
      "name": "ai",
      "version": "1.0.0",
      "license": "ISC",
      "dependencies": {
        "ai": "^4.1.0",
        "dotenv": "^16.4.7",
        "drizzle-orm": "^0.38.4",
        "drizzle-zod": "^0.6.1",
        "nanoid": "^5.0.9",
        "node-ensure": "^0.0.0",
        "ollama": "^0.5.12",
        "pdfjs-dist": "^5.1.91",
        "postgres": "^3.4.5",
        "zod": "^3.24.1"
      },
      "devDependencies": {
        "@types/node": "^22.10.7",
        "drizzle-kit": "^0.30.2",
        "prettier": "3.5.3",
        "ts-node": "^10.9.2",
        "tsx": "^4.19.2",
        "typescript": "^5.7.3"
      }
    },
    "node_modules/@ai-sdk/provider": {
      "version": "1.0.4",
      "resolved": "https://registry.npmjs.org/@ai-sdk/provider/-/provider-1.0.4.tgz",
      "integrity": "sha512-lJi5zwDosvvZER3e/pB8lj1MN3o3S7zJliQq56BRr4e9V3fcRyFtwP0JRxaRS5vHYX3OJ154VezVoQNrk0eaKw==",
      "dependencies": {
        "json-schema": "^0.4.0"
      },
      "engines": {
        "node": ">=18"
      }
    },
    "node_modules/@ai-sdk/provider-utils": {
      "version": "2.1.0",
      "resolved": "https://registry.npmjs.org/@ai-sdk/provider-utils/-/provider-utils-2.1.0.tgz",
      "integrity": "sha512-rBUabNoyB25PBUjaiMSk86fHNSCqTngNZVvXxv8+6mvw47JX5OexW+ZHRsEw8XKTE8+hqvNFVzctaOrRZ2i9Zw==",
      "dependencies": {
        "@ai-sdk/provider": "1.0.4",
        "eventsource-parser": "^3.0.0",
        "nanoid": "^3.3.8",
        "secure-json-parse": "^2.7.0"
      },
      "engines": {
        "node": ">=18"
      },
      "peerDependencies": {
        "zod": "^3.0.0"
      },
      "peerDependenciesMeta": {
        "zod": {
          "optional": true
        }
      }
    },
    "node_modules/@ai-sdk/provider-utils/node_modules/nanoid": {
      "version": "3.3.8",
      "resolved": "https://registry.npmjs.org/nanoid/-/nanoid-3.3.8.tgz",
      "integrity": "sha512-WNLf5Sd8oZxOm+TzppcYk8gVOgP+l58xNy58D0nbUnOxOWRWvlcCV4kUF7ltmI6PsrLl/BgKEyS4mqsGChFN0w==",
      "funding": [
        {
          "type": "github",
          "url": "https://github.com/sponsors/ai"
        }
      ],
      "bin": {
        "nanoid": "bin/nanoid.cjs"
      },
      "engines": {
        "node": "^10 || ^12 || ^13.7 || ^14 || >=15.0.1"
      }
    },
    "node_modules/@ai-sdk/react": {
      "version": "1.1.0",
      "resolved": "https://registry.npmjs.org/@ai-sdk/react/-/react-1.1.0.tgz",
      "integrity": "sha512-U5lBbLyf1pw79xsk5dgHSkBv9Jta3xzWlOLpxsmHlxh1X94QOH3e1gm+nioQ/JvTuHLm23j2tz3i4MpMdchwXQ==",
      "dependencies": {
        "@ai-sdk/provider-utils": "2.1.0",
        "@ai-sdk/ui-utils": "1.1.0",
        "swr": "^2.2.5",
        "throttleit": "2.1.0"
      },
      "engines": {
        "node": ">=18"
      },
      "peerDependencies": {
        "react": "^18 || ^19 || ^19.0.0-rc",
        "zod": "^3.0.0"
      },
      "peerDependenciesMeta": {
        "react": {
          "optional": true
        },
        "zod": {
          "optional": true
        }
      }
    },
    "node_modules/@ai-sdk/ui-utils": {
      "version": "1.1.0",
      "resolved": "https://registry.npmjs.org/@ai-sdk/ui-utils/-/ui-utils-1.1.0.tgz",
      "integrity": "sha512-ETXwdHaHwzC7NIehbthDFGwsTFk+gNtRL/lm85nR4WDFvvYQptoM/7wTANs0p0H7zumB3Ep5hKzv0Encu8vSRw==",
      "dependencies": {
        "@ai-sdk/provider": "1.0.4",
        "@ai-sdk/provider-utils": "2.1.0",
        "zod-to-json-schema": "^3.24.1"
      },
      "engines": {
        "node": ">=18"
      },
      "peerDependencies": {
        "zod": "^3.0.0"
      },
      "peerDependenciesMeta": {
        "zod": {
          "optional": true
        }
      }
    },
    "node_modules/@cspotcode/source-map-support": {
      "version": "0.8.1",
      "resolved": "https://registry.npmjs.org/@cspotcode/source-map-support/-/source-map-support-0.8.1.tgz",
      "integrity": "sha512-IchNf6dN4tHoMFIn/7OE8LWZ19Y6q/67Bmf6vnGREv8RSbBVb9LPJxEcnwrcwX6ixSvaiGoomAUvu4YSxXrVgw==",
      "dev": true,
      "dependencies": {
        "@jridgewell/trace-mapping": "0.3.9"
      },
      "engines": {
        "node": ">=12"
      }
    },
    "node_modules/@drizzle-team/brocli": {
      "version": "0.10.2",
      "resolved": "https://registry.npmjs.org/@drizzle-team/brocli/-/brocli-0.10.2.tgz",
      "integrity": "sha512-z33Il7l5dKjUgGULTqBsQBQwckHh5AbIuxhdsIxDDiZAzBOrZO6q9ogcWC65kU382AfynTfgNumVcNIjuIua6w==",
      "dev": true
    },
    "node_modules/@esbuild-kit/core-utils": {
      "version": "3.3.2",
      "resolved": "https://registry.npmjs.org/@esbuild-kit/core-utils/-/core-utils-3.3.2.tgz",
      "integrity": "sha512-sPRAnw9CdSsRmEtnsl2WXWdyquogVpB3yZ3dgwJfe8zrOzTsV7cJvmwrKVa+0ma5BoiGJ+BoqkMvawbayKUsqQ==",
      "deprecated": "Merged into tsx: https://tsx.is",
      "dev": true,
      "dependencies": {
        "esbuild": "~0.18.20",
        "source-map-support": "^0.5.21"
      }
    },
    "node_modules/@esbuild-kit/core-utils/node_modules/@esbuild/darwin-arm64": {
      "version": "0.18.20",
      "resolved": "https://registry.npmjs.org/@esbuild/darwin-arm64/-/darwin-arm64-0.18.20.tgz",
      "integrity": "sha512-bxRHW5kHU38zS2lPTPOyuyTm+S+eobPUnTNkdJEfAddYgEcll4xkT8DB9d2008DtTbl7uJag2HuE5NZAZgnNEA==",
      "cpu": [
        "arm64"
      ],
      "dev": true,
      "optional": true,
      "os": [
        "darwin"
      ],
      "engines": {
        "node": ">=12"
      }
    },
    "node_modules/@esbuild-kit/core-utils/node_modules/esbuild": {
      "version": "0.18.20",
      "resolved": "https://registry.npmjs.org/esbuild/-/esbuild-0.18.20.tgz",
      "integrity": "sha512-ceqxoedUrcayh7Y7ZX6NdbbDzGROiyVBgC4PriJThBKSVPWnnFHZAkfI1lJT8QFkOwH4qOS2SJkS4wvpGl8BpA==",
      "dev": true,
      "hasInstallScript": true,
      "bin": {
        "esbuild": "bin/esbuild"
      },
      "engines": {
        "node": ">=12"
      },
      "optionalDependencies": {
        "@esbuild/android-arm": "0.18.20",
        "@esbuild/android-arm64": "0.18.20",
        "@esbuild/android-x64": "0.18.20",
        "@esbuild/darwin-arm64": "0.18.20",
        "@esbuild/darwin-x64": "0.18.20",
        "@esbuild/freebsd-arm64": "0.18.20",
        "@esbuild/freebsd-x64": "0.18.20",
        "@esbuild/linux-arm": "0.18.20",
        "@esbuild/linux-arm64": "0.18.20",
        "@esbuild/linux-ia32": "0.18.20",
        "@esbuild/linux-loong64": "0.18.20",
        "@esbuild/linux-mips64el": "0.18.20",
        "@esbuild/linux-ppc64": "0.18.20",
        "@esbuild/linux-riscv64": "0.18.20",
        "@esbuild/linux-s390x": "0.18.20",
        "@esbuild/linux-x64": "0.18.20",
        "@esbuild/netbsd-x64": "0.18.20",
        "@esbuild/openbsd-x64": "0.18.20",
        "@esbuild/sunos-x64": "0.18.20",
        "@esbuild/win32-arm64": "0.18.20",
        "@esbuild/win32-ia32": "0.18.20",
        "@esbuild/win32-x64": "0.18.20"
      }
    },
    "node_modules/@esbuild-kit/esm-loader": {
      "version": "2.6.5",
      "resolved": "https://registry.npmjs.org/@esbuild-kit/esm-loader/-/esm-loader-2.6.5.tgz",
      "integrity": "sha512-FxEMIkJKnodyA1OaCUoEvbYRkoZlLZ4d/eXFu9Fh8CbBBgP5EmZxrfTRyN0qpXZ4vOvqnE5YdRdcrmUUXuU+dA==",
      "deprecated": "Merged into tsx: https://tsx.is",
      "dev": true,
      "dependencies": {
        "@esbuild-kit/core-utils": "^3.3.2",
        "get-tsconfig": "^4.7.0"
      }
    },
    "node_modules/@esbuild/darwin-arm64": {
      "version": "0.19.12",
      "resolved": "https://registry.npmjs.org/@esbuild/darwin-arm64/-/darwin-arm64-0.19.12.tgz",
      "integrity": "sha512-B6IeSgZgtEzGC42jsI+YYu9Z3HKRxp8ZT3cqhvliEHovq8HSX2YX8lNocDn79gCKJXOSaEot9MVYky7AKjCs8g==",
      "cpu": [
        "arm64"
      ],
      "dev": true,
      "optional": true,
      "os": [
        "darwin"
      ],
      "engines": {
        "node": ">=12"
      }
    },
    "node_modules/@jridgewell/resolve-uri": {
      "version": "3.1.2",
      "resolved": "https://registry.npmjs.org/@jridgewell/resolve-uri/-/resolve-uri-3.1.2.tgz",
      "integrity": "sha512-bRISgCIjP20/tbWSPWMEi54QVPRZExkuD9lJL+UIxUKtwVJA8wW1Trb1jMs1RFXo1CBTNZ/5hpC9QvmKWdopKw==",
      "dev": true,
      "engines": {
        "node": ">=6.0.0"
      }
    },
    "node_modules/@jridgewell/sourcemap-codec": {
      "version": "1.5.0",
      "resolved": "https://registry.npmjs.org/@jridgewell/sourcemap-codec/-/sourcemap-codec-1.5.0.tgz",
      "integrity": "sha512-gv3ZRaISU3fjPAgNsriBRqGWQL6quFx04YMPW/zD8XMLsU32mhCCbfbO6KZFLjvYpCZ8zyDEgqsgf+PwPaM7GQ==",
      "dev": true
    },
    "node_modules/@jridgewell/trace-mapping": {
      "version": "0.3.9",
      "resolved": "https://registry.npmjs.org/@jridgewell/trace-mapping/-/trace-mapping-0.3.9.tgz",
      "integrity": "sha512-3Belt6tdc8bPgAtbcmdtNJlirVoTmEb5e2gC94PnkwEW9jI6CAHUeoG85tjWP5WquqfavoMtMwiG4P926ZKKuQ==",
      "dev": true,
      "dependencies": {
        "@jridgewell/resolve-uri": "^3.0.3",
        "@jridgewell/sourcemap-codec": "^1.4.10"
      }
    },
    "node_modules/@napi-rs/canvas": {
      "version": "0.1.68",
      "resolved": "https://registry.npmjs.org/@napi-rs/canvas/-/canvas-0.1.68.tgz",
      "integrity": "sha512-LQESrePLEBLvhuFkXx9jjBXRC2ClYsO5mqQ1m/puth5z9SOuM3N/B3vDuqnC3RJFktDktyK9khGvo7dTkqO9uQ==",
      "optional": true,
      "engines": {
        "node": ">= 10"
      },
      "optionalDependencies": {
        "@napi-rs/canvas-android-arm64": "0.1.68",
        "@napi-rs/canvas-darwin-arm64": "0.1.68",
        "@napi-rs/canvas-darwin-x64": "0.1.68",
        "@napi-rs/canvas-linux-arm-gnueabihf": "0.1.68",
        "@napi-rs/canvas-linux-arm64-gnu": "0.1.68",
        "@napi-rs/canvas-linux-arm64-musl": "0.1.68",
        "@napi-rs/canvas-linux-riscv64-gnu": "0.1.68",
        "@napi-rs/canvas-linux-x64-gnu": "0.1.68",
        "@napi-rs/canvas-linux-x64-musl": "0.1.68",
        "@napi-rs/canvas-win32-x64-msvc": "0.1.68"
      }
    },
    "node_modules/@napi-rs/canvas-android-arm64": {
      "version": "0.1.68",
      "resolved": "https://registry.npmjs.org/@napi-rs/canvas-android-arm64/-/canvas-android-arm64-0.1.68.tgz",
      "integrity": "sha512-h1KcSR4LKLfRfzeBH65xMxbWOGa1OtMFQbCMVlxPCkN1Zr+2gK+70pXO5ktojIYcUrP6KDcOwoc8clho5ccM/w==",
      "cpu": [
        "arm64"
      ],
      "optional": true,
      "os": [
        "android"
      ],
      "engines": {
        "node": ">= 10"
      }
    },
    "node_modules/@napi-rs/canvas-darwin-arm64": {
      "version": "0.1.68",
      "resolved": "https://registry.npmjs.org/@napi-rs/canvas-darwin-arm64/-/canvas-darwin-arm64-0.1.68.tgz",
      "integrity": "sha512-/VURlrAD4gDoxW1GT/b0nP3fRz/fhxmHI/xznTq2FTwkQLPOlLkDLCvTmQ7v6LtGKdc2Ed6rvYpRan+JXThInQ==",
      "cpu": [
        "arm64"
      ],
      "optional": true,
      "os": [
        "darwin"
      ],
      "engines": {
        "node": ">= 10"
      }
    },
    "node_modules/@napi-rs/canvas-darwin-x64": {
      "version": "0.1.68",
      "resolved": "https://registry.npmjs.org/@napi-rs/canvas-darwin-x64/-/canvas-darwin-x64-0.1.68.tgz",
      "integrity": "sha512-tEpvGR6vCLTo1Tx9wmDnoOKROpw57wiCWwCpDOuVlj/7rqEJOUYr9ixW4aRJgmeGBrZHgevI0EURys2ER6whmg==",
      "cpu": [
        "x64"
      ],
      "optional": true,
      "os": [
        "darwin"
      ],
      "engines": {
        "node": ">= 10"
      }
    },
    "node_modules/@napi-rs/canvas-linux-arm-gnueabihf": {
      "version": "0.1.68",
      "resolved": "https://registry.npmjs.org/@napi-rs/canvas-linux-arm-gnueabihf/-/canvas-linux-arm-gnueabihf-0.1.68.tgz",
      "integrity": "sha512-U9xbJsumPOiAYeAFZMlHf62b9dGs2HJ6Q5xt7xTB0uEyPeurwhgYBWGgabdsEidyj38YuzI/c3LGBbSQB3vagw==",
      "cpu": [
        "arm"
      ],
      "optional": true,
      "os": [
        "linux"
      ],
      "engines": {
        "node": ">= 10"
      }
    },
    "node_modules/@napi-rs/canvas-linux-arm64-gnu": {
      "version": "0.1.68",
      "resolved": "https://registry.npmjs.org/@napi-rs/canvas-linux-arm64-gnu/-/canvas-linux-arm64-gnu-0.1.68.tgz",
      "integrity": "sha512-KFkn8wEm3mPnWD4l8+OUUkxylSJuN5q9PnJRZJgv15RtCA1bgxIwTkBhI/+xuyVMcHqON9sXq7cDkEJtHm35dg==",
      "cpu": [
        "arm64"
      ],
      "optional": true,
      "os": [
        "linux"
      ],
      "engines": {
        "node": ">= 10"
      }
    },
    "node_modules/@napi-rs/canvas-linux-arm64-musl": {
      "version": "0.1.68",
      "resolved": "https://registry.npmjs.org/@napi-rs/canvas-linux-arm64-musl/-/canvas-linux-arm64-musl-0.1.68.tgz",
      "integrity": "sha512-IQzts91rCdOALXBWQxLZRCEDrfFTGDtNRJMNu+2SKZ1uT8cmPQkPwVk5rycvFpvgAcmiFiOSCp1aRrlfU8KPpQ==",
      "cpu": [
        "arm64"
      ],
      "optional": true,
      "os": [
        "linux"
      ],
      "engines": {
        "node": ">= 10"
      }
    },
    "node_modules/@napi-rs/canvas-linux-riscv64-gnu": {
      "version": "0.1.68",
      "resolved": "https://registry.npmjs.org/@napi-rs/canvas-linux-riscv64-gnu/-/canvas-linux-riscv64-gnu-0.1.68.tgz",
      "integrity": "sha512-e9AS5UttoIKqXSmBzKZdd3NErSVyOEYzJfNOCGtafGk1//gibTwQXGlSXmAKuErqMp09pyk9aqQRSYzm1AQfBw==",
      "cpu": [
        "riscv64"
      ],
      "optional": true,
      "os": [
        "linux"
      ],
      "engines": {
        "node": ">= 10"
      }
    },
    "node_modules/@napi-rs/canvas-linux-x64-gnu": {
      "version": "0.1.68",
      "resolved": "https://registry.npmjs.org/@napi-rs/canvas-linux-x64-gnu/-/canvas-linux-x64-gnu-0.1.68.tgz",
      "integrity": "sha512-Pa/I36VE3j57I3Obhrr+J48KGFfkZk2cJN/2NmW/vCgmoF7kCP6aTVq5n+cGdGWLd/cN9CJ9JvNwEoMRDghu0g==",
      "cpu": [
        "x64"
      ],
      "optional": true,
      "os": [
        "linux"
      ],
      "engines": {
        "node": ">= 10"
      }
    },
    "node_modules/@napi-rs/canvas-linux-x64-musl": {
      "version": "0.1.68",
      "resolved": "https://registry.npmjs.org/@napi-rs/canvas-linux-x64-musl/-/canvas-linux-x64-musl-0.1.68.tgz",
      "integrity": "sha512-9c6rkc5195wNxuUHJdf4/mmnq433OQey9TNvQ9LspJazvHbfSkTij8wtKjASVQsJyPDva4fkWOeV/OQ7cLw0GQ==",
      "cpu": [
        "x64"
      ],
      "optional": true,
      "os": [
        "linux"
      ],
      "engines": {
        "node": ">= 10"
      }
    },
    "node_modules/@napi-rs/canvas-win32-x64-msvc": {
      "version": "0.1.68",
      "resolved": "https://registry.npmjs.org/@napi-rs/canvas-win32-x64-msvc/-/canvas-win32-x64-msvc-0.1.68.tgz",
      "integrity": "sha512-Fc5Dez23u0FoSATurT6/w1oMytiRnKWEinHivdMvXpge6nG4YvhrASrtqMk8dGJMVQpHr8QJYF45rOrx2YU2Aw==",
      "cpu": [
        "x64"
      ],
      "optional": true,
      "os": [
        "win32"
      ],
      "engines": {
        "node": ">= 10"
      }
    },
    "node_modules/@opentelemetry/api": {
      "version": "1.9.0",
      "resolved": "https://registry.npmjs.org/@opentelemetry/api/-/api-1.9.0.tgz",
      "integrity": "sha512-3giAOQvZiH5F9bMlMiv8+GSPMeqg0dbaeo58/0SlA9sxSqZhnUtxzX9/2FzyhS9sWQf5S0GJE0AKBrFqjpeYcg==",
      "engines": {
        "node": ">=8.0.0"
      }
    },
    "node_modules/@tsconfig/node10": {
      "version": "1.0.11",
      "resolved": "https://registry.npmjs.org/@tsconfig/node10/-/node10-1.0.11.tgz",
      "integrity": "sha512-DcRjDCujK/kCk/cUe8Xz8ZSpm8mS3mNNpta+jGCA6USEDfktlNvm1+IuZ9eTcDbNk41BHwpHHeW+N1lKCz4zOw==",
      "dev": true
    },
    "node_modules/@tsconfig/node12": {
      "version": "1.0.11",
      "resolved": "https://registry.npmjs.org/@tsconfig/node12/-/node12-1.0.11.tgz",
      "integrity": "sha512-cqefuRsh12pWyGsIoBKJA9luFu3mRxCA+ORZvA4ktLSzIuCUtWVxGIuXigEwO5/ywWFMZ2QEGKWvkZG1zDMTag==",
      "dev": true
    },
    "node_modules/@tsconfig/node14": {
      "version": "1.0.3",
      "resolved": "https://registry.npmjs.org/@tsconfig/node14/-/node14-1.0.3.tgz",
      "integrity": "sha512-ysT8mhdixWK6Hw3i1V2AeRqZ5WfXg1G43mqoYlM2nc6388Fq5jcXyr5mRsqViLx/GJYdoL0bfXD8nmF+Zn/Iow==",
      "dev": true
    },
    "node_modules/@tsconfig/node16": {
      "version": "1.0.4",
      "resolved": "https://registry.npmjs.org/@tsconfig/node16/-/node16-1.0.4.tgz",
      "integrity": "sha512-vxhUy4J8lyeyinH7Azl1pdd43GJhZH/tP2weN8TntQblOY+A0XbT8DJk1/oCPuOOyg/Ja757rG0CgHcWC8OfMA==",
      "dev": true
    },
    "node_modules/@types/diff-match-patch": {
      "version": "1.0.36",
      "resolved": "https://registry.npmjs.org/@types/diff-match-patch/-/diff-match-patch-1.0.36.tgz",
      "integrity": "sha512-xFdR6tkm0MWvBfO8xXCSsinYxHcqkQUlcHeSpMC2ukzOb6lwQAfDmW+Qt0AvlGd8HpsS28qKsB+oPeJn9I39jg=="
    },
    "node_modules/@types/node": {
      "version": "22.10.7",
      "resolved": "https://registry.npmjs.org/@types/node/-/node-22.10.7.tgz",
      "integrity": "sha512-V09KvXxFiutGp6B7XkpaDXlNadZxrzajcY50EuoLIpQ6WWYCSvf19lVIazzfIzQvhUN2HjX12spLojTnhuKlGg==",
      "dev": true,
      "dependencies": {
        "undici-types": "~6.20.0"
      }
    },
    "node_modules/acorn": {
      "version": "8.14.0",
      "resolved": "https://registry.npmjs.org/acorn/-/acorn-8.14.0.tgz",
      "integrity": "sha512-cl669nCJTZBsL97OF4kUQm5g5hC2uihk0NxY3WENAC0TYdILVkAyHymAntgxGkl7K+t0cXIrH5siy5S4XkFycA==",
      "dev": true,
      "bin": {
        "acorn": "bin/acorn"
      },
      "engines": {
        "node": ">=0.4.0"
      }
    },
    "node_modules/acorn-walk": {
      "version": "8.3.4",
      "resolved": "https://registry.npmjs.org/acorn-walk/-/acorn-walk-8.3.4.tgz",
      "integrity": "sha512-ueEepnujpqee2o5aIYnvHU6C0A42MNdsIDeqy5BydrkuC5R1ZuUFnm27EeFJGoEHJQgn3uleRvmTXaJgfXbt4g==",
      "dev": true,
      "dependencies": {
        "acorn": "^8.11.0"
      },
      "engines": {
        "node": ">=0.4.0"
      }
    },
    "node_modules/ai": {
      "version": "4.1.0",
      "resolved": "https://registry.npmjs.org/ai/-/ai-4.1.0.tgz",
      "integrity": "sha512-95nI9hBSSAKPrMnpJbaB3yqvh+G8BS4/EtFz3HR0HgEDJpxC0R6JAlB8+B/BXHd/roNGBrS08Z3Zain/6OFSYA==",
      "dependencies": {
        "@ai-sdk/provider": "1.0.4",
        "@ai-sdk/provider-utils": "2.1.0",
        "@ai-sdk/react": "1.1.0",
        "@ai-sdk/ui-utils": "1.1.0",
        "@opentelemetry/api": "1.9.0",
        "jsondiffpatch": "0.6.0"
      },
      "engines": {
        "node": ">=18"
      },
      "peerDependencies": {
        "react": "^18 || ^19 || ^19.0.0-rc",
        "zod": "^3.0.0"
      },
      "peerDependenciesMeta": {
        "react": {
          "optional": true
        },
        "zod": {
          "optional": true
        }
      }
    },
    "node_modules/arg": {
      "version": "4.1.3",
      "resolved": "https://registry.npmjs.org/arg/-/arg-4.1.3.tgz",
      "integrity": "sha512-58S9QDqG0Xx27YwPSt9fJxivjYl432YCwfDMfZ+71RAqUrZef7LrKQZ3LHLOwCS4FLNBplP533Zx895SeOCHvA==",
      "dev": true
    },
    "node_modules/buffer-from": {
      "version": "1.1.2",
      "resolved": "https://registry.npmjs.org/buffer-from/-/buffer-from-1.1.2.tgz",
      "integrity": "sha512-E+XQCRwSbaaiChtv6k6Dwgc+bx+Bs6vuKJHHl5kox/BaKbhiXzqQOwK4cO22yElGp2OCmjwVhT3HmxgyPGnJfQ==",
      "dev": true
    },
    "node_modules/chalk": {
      "version": "5.4.1",
      "resolved": "https://registry.npmjs.org/chalk/-/chalk-5.4.1.tgz",
      "integrity": "sha512-zgVZuo2WcZgfUEmsn6eO3kINexW8RAE4maiQ8QNs8CtpPCSyMiYsULR3HQYkm3w8FIA3SberyMJMSldGsW+U3w==",
      "engines": {
        "node": "^12.17.0 || ^14.13 || >=16.0.0"
      },
      "funding": {
        "url": "https://github.com/chalk/chalk?sponsor=1"
      }
    },
    "node_modules/create-require": {
      "version": "1.1.1",
      "resolved": "https://registry.npmjs.org/create-require/-/create-require-1.1.1.tgz",
      "integrity": "sha512-dcKFX3jn0MpIaXjisoRvexIJVEKzaq7z2rZKxf+MSr9TkdmHmsU4m2lcLojrj/FHl8mk5VxMmYA+ftRkP/3oKQ==",
      "dev": true
    },
    "node_modules/debug": {
      "version": "4.4.0",
      "resolved": "https://registry.npmjs.org/debug/-/debug-4.4.0.tgz",
      "integrity": "sha512-6WTZ/IxCY/T6BALoZHaE4ctp9xm+Z5kY/pzYaCHRFeyVhojxlrm+46y68HA6hr0TcwEssoxNiDEUJQjfPZ/RYA==",
      "dev": true,
      "dependencies": {
        "ms": "^2.1.3"
      },
      "engines": {
        "node": ">=6.0"
      },
      "peerDependenciesMeta": {
        "supports-color": {
          "optional": true
        }
      }
    },
    "node_modules/dequal": {
      "version": "2.0.3",
      "resolved": "https://registry.npmjs.org/dequal/-/dequal-2.0.3.tgz",
      "integrity": "sha512-0je+qPKHEMohvfRTCEo3CrPG6cAzAYgmzKyxRiYSSDkS6eGJdyVJm7WaYA5ECaAD9wLB2T4EEeymA5aFVcYXCA==",
      "engines": {
        "node": ">=6"
      }
    },
    "node_modules/diff": {
      "version": "4.0.2",
      "resolved": "https://registry.npmjs.org/diff/-/diff-4.0.2.tgz",
      "integrity": "sha512-58lmxKSA4BNyLz+HHMUzlOEpg09FV+ev6ZMe3vJihgdxzgcwZ8VoEEPmALCZG9LmqfVoNMMKpttIYTVG6uDY7A==",
      "dev": true,
      "engines": {
        "node": ">=0.3.1"
      }
    },
    "node_modules/diff-match-patch": {
      "version": "1.0.5",
      "resolved": "https://registry.npmjs.org/diff-match-patch/-/diff-match-patch-1.0.5.tgz",
      "integrity": "sha512-IayShXAgj/QMXgB0IWmKx+rOPuGMhqm5w6jvFxmVenXKIzRqTAAsbBPT3kWQeGANj3jGgvcvv4yK6SxqYmikgw=="
    },
    "node_modules/dotenv": {
      "version": "16.4.7",
      "resolved": "https://registry.npmjs.org/dotenv/-/dotenv-16.4.7.tgz",
      "integrity": "sha512-47qPchRCykZC03FhkYAhrvwU4xDBFIj1QPqaarj6mdM/hgUzfPHcpkHJOn3mJAufFeeAxAzeGsr5X0M4k6fLZQ==",
      "engines": {
        "node": ">=12"
      },
      "funding": {
        "url": "https://dotenvx.com"
      }
    },
    "node_modules/drizzle-kit": {
      "version": "0.30.2",
      "resolved": "https://registry.npmjs.org/drizzle-kit/-/drizzle-kit-0.30.2.tgz",
      "integrity": "sha512-vhdLrxWA32WNVF77NabpSnX7pQBornx64VDQDmKddRonOB2Xe/yY4glQ7rECoa+ogqcQNo7VblLUbeBK6Zn9Ow==",
      "dev": true,
      "dependencies": {
        "@drizzle-team/brocli": "^0.10.2",
        "@esbuild-kit/esm-loader": "^2.5.5",
        "esbuild": "^0.19.7",
        "esbuild-register": "^3.5.0"
      },
      "bin": {
        "drizzle-kit": "bin.cjs"
      }
    },
    "node_modules/drizzle-orm": {
      "version": "0.38.4",
      "resolved": "https://registry.npmjs.org/drizzle-orm/-/drizzle-orm-0.38.4.tgz",
      "integrity": "sha512-s7/5BpLKO+WJRHspvpqTydxFob8i1vo2rEx4pY6TGY7QSMuUfWUuzaY0DIpXCkgHOo37BaFC+SJQb99dDUXT3Q==",
      "peerDependencies": {
        "@aws-sdk/client-rds-data": ">=3",
        "@cloudflare/workers-types": ">=4",
        "@electric-sql/pglite": ">=0.2.0",
        "@libsql/client": ">=0.10.0",
        "@libsql/client-wasm": ">=0.10.0",
        "@neondatabase/serverless": ">=0.10.0",
        "@op-engineering/op-sqlite": ">=2",
        "@opentelemetry/api": "^1.4.1",
        "@planetscale/database": ">=1",
        "@prisma/client": "*",
        "@tidbcloud/serverless": "*",
        "@types/better-sqlite3": "*",
        "@types/pg": "*",
        "@types/react": ">=18",
        "@types/sql.js": "*",
        "@vercel/postgres": ">=0.8.0",
        "@xata.io/client": "*",
        "better-sqlite3": ">=7",
        "bun-types": "*",
        "expo-sqlite": ">=14.0.0",
        "knex": "*",
        "kysely": "*",
        "mysql2": ">=2",
        "pg": ">=8",
        "postgres": ">=3",
        "react": ">=18",
        "sql.js": ">=1",
        "sqlite3": ">=5"
      },
      "peerDependenciesMeta": {
        "@aws-sdk/client-rds-data": {
          "optional": true
        },
        "@cloudflare/workers-types": {
          "optional": true
        },
        "@electric-sql/pglite": {
          "optional": true
        },
        "@libsql/client": {
          "optional": true
        },
        "@libsql/client-wasm": {
          "optional": true
        },
        "@neondatabase/serverless": {
          "optional": true
        },
        "@op-engineering/op-sqlite": {
          "optional": true
        },
        "@opentelemetry/api": {
          "optional": true
        },
        "@planetscale/database": {
          "optional": true
        },
        "@prisma/client": {
          "optional": true
        },
        "@tidbcloud/serverless": {
          "optional": true
        },
        "@types/better-sqlite3": {
          "optional": true
        },
        "@types/pg": {
          "optional": true
        },
        "@types/react": {
          "optional": true
        },
        "@types/sql.js": {
          "optional": true
        },
        "@vercel/postgres": {
          "optional": true
        },
        "@xata.io/client": {
          "optional": true
        },
        "better-sqlite3": {
          "optional": true
        },
        "bun-types": {
          "optional": true
        },
        "expo-sqlite": {
          "optional": true
        },
        "knex": {
          "optional": true
        },
        "kysely": {
          "optional": true
        },
        "mysql2": {
          "optional": true
        },
        "pg": {
          "optional": true
        },
        "postgres": {
          "optional": true
        },
        "prisma": {
          "optional": true
        },
        "react": {
          "optional": true
        },
        "sql.js": {
          "optional": true
        },
        "sqlite3": {
          "optional": true
        }
      }
    },
    "node_modules/drizzle-zod": {
      "version": "0.6.1",
      "resolved": "https://registry.npmjs.org/drizzle-zod/-/drizzle-zod-0.6.1.tgz",
      "integrity": "sha512-huEbUgnsuR8tupnmLiyB2F1I2H9dswI3GfM36IbIqx9i0YUeYjRsDpJVyFVeziUvI1ogT9JHRL2Q03cC4QmvxA==",
      "peerDependencies": {
        "drizzle-orm": ">=0.36.0",
        "zod": ">=3.0.0"
      }
    },
    "node_modules/esbuild": {
      "version": "0.19.12",
      "resolved": "https://registry.npmjs.org/esbuild/-/esbuild-0.19.12.tgz",
      "integrity": "sha512-aARqgq8roFBj054KvQr5f1sFu0D65G+miZRCuJyJ0G13Zwx7vRar5Zhn2tkQNzIXcBrNVsv/8stehpj+GAjgbg==",
      "dev": true,
      "hasInstallScript": true,
      "bin": {
        "esbuild": "bin/esbuild"
      },
      "engines": {
        "node": ">=12"
      },
      "optionalDependencies": {
        "@esbuild/aix-ppc64": "0.19.12",
        "@esbuild/android-arm": "0.19.12",
        "@esbuild/android-arm64": "0.19.12",
        "@esbuild/android-x64": "0.19.12",
        "@esbuild/darwin-arm64": "0.19.12",
        "@esbuild/darwin-x64": "0.19.12",
        "@esbuild/freebsd-arm64": "0.19.12",
        "@esbuild/freebsd-x64": "0.19.12",
        "@esbuild/linux-arm": "0.19.12",
        "@esbuild/linux-arm64": "0.19.12",
        "@esbuild/linux-ia32": "0.19.12",
        "@esbuild/linux-loong64": "0.19.12",
        "@esbuild/linux-mips64el": "0.19.12",
        "@esbuild/linux-ppc64": "0.19.12",
        "@esbuild/linux-riscv64": "0.19.12",
        "@esbuild/linux-s390x": "0.19.12",
        "@esbuild/linux-x64": "0.19.12",
        "@esbuild/netbsd-x64": "0.19.12",
        "@esbuild/openbsd-x64": "0.19.12",
        "@esbuild/sunos-x64": "0.19.12",
        "@esbuild/win32-arm64": "0.19.12",
        "@esbuild/win32-ia32": "0.19.12",
        "@esbuild/win32-x64": "0.19.12"
      }
    },
    "node_modules/esbuild-register": {
      "version": "3.6.0",
      "resolved": "https://registry.npmjs.org/esbuild-register/-/esbuild-register-3.6.0.tgz",
      "integrity": "sha512-H2/S7Pm8a9CL1uhp9OvjwrBh5Pvx0H8qVOxNu8Wed9Y7qv56MPtq+GGM8RJpq6glYJn9Wspr8uw7l55uyinNeg==",
      "dev": true,
      "dependencies": {
        "debug": "^4.3.4"
      },
      "peerDependencies": {
        "esbuild": ">=0.12 <1"
      }
    },
    "node_modules/eventsource-parser": {
      "version": "3.0.0",
      "resolved": "https://registry.npmjs.org/eventsource-parser/-/eventsource-parser-3.0.0.tgz",
      "integrity": "sha512-T1C0XCUimhxVQzW4zFipdx0SficT651NnkR0ZSH3yQwh+mFMdLfgjABVi4YtMTtaL4s168593DaoaRLMqryavA==",
      "engines": {
        "node": ">=18.0.0"
      }
    },
    "node_modules/fsevents": {
      "version": "2.3.3",
      "resolved": "https://registry.npmjs.org/fsevents/-/fsevents-2.3.3.tgz",
      "integrity": "sha512-5xoDfX+fL7faATnagmWPpbFtwh/R77WmMMqqHGS65C3vvB0YHrgF+B1YmZ3441tMj5n63k0212XNoJwzlhffQw==",
      "dev": true,
      "hasInstallScript": true,
      "optional": true,
      "os": [
        "darwin"
      ],
      "engines": {
        "node": "^8.16.0 || ^10.6.0 || >=11.0.0"
      }
    },
    "node_modules/get-tsconfig": {
      "version": "4.10.0",
      "resolved": "https://registry.npmjs.org/get-tsconfig/-/get-tsconfig-4.10.0.tgz",
      "integrity": "sha512-kGzZ3LWWQcGIAmg6iWvXn0ei6WDtV26wzHRMwDSzmAbcXrTEXxHy6IehI6/4eT6VRKyMP1eF1VqwrVUmE/LR7A==",
      "dev": true,
      "dependencies": {
        "resolve-pkg-maps": "^1.0.0"
      },
      "funding": {
        "url": "https://github.com/privatenumber/get-tsconfig?sponsor=1"
      }
    },
    "node_modules/json-schema": {
      "version": "0.4.0",
      "resolved": "https://registry.npmjs.org/json-schema/-/json-schema-0.4.0.tgz",
      "integrity": "sha512-es94M3nTIfsEPisRafak+HDLfHXnKBhV3vU5eqPcS3flIWqcxJWgXHXiey3YrpaNsanY5ei1VoYEbOzijuq9BA=="
    },
    "node_modules/jsondiffpatch": {
      "version": "0.6.0",
      "resolved": "https://registry.npmjs.org/jsondiffpatch/-/jsondiffpatch-0.6.0.tgz",
      "integrity": "sha512-3QItJOXp2AP1uv7waBkao5nCvhEv+QmJAd38Ybq7wNI74Q+BBmnLn4EDKz6yI9xGAIQoUF87qHt+kc1IVxB4zQ==",
      "dependencies": {
        "@types/diff-match-patch": "^1.0.36",
        "chalk": "^5.3.0",
        "diff-match-patch": "^1.0.5"
      },
      "bin": {
        "jsondiffpatch": "bin/jsondiffpatch.js"
      },
      "engines": {
        "node": "^18.0.0 || >=20.0.0"
      }
    },
    "node_modules/make-error": {
      "version": "1.3.6",
      "resolved": "https://registry.npmjs.org/make-error/-/make-error-1.3.6.tgz",
      "integrity": "sha512-s8UhlNe7vPKomQhC1qFelMokr/Sc3AgNbso3n74mVPA5LTZwkB9NlXf4XPamLxJE8h0gh73rM94xvwRT2CVInw==",
      "dev": true
    },
    "node_modules/ms": {
      "version": "2.1.3",
      "resolved": "https://registry.npmjs.org/ms/-/ms-2.1.3.tgz",
      "integrity": "sha512-6FlzubTLZG3J2a/NVCAleEhjzq5oxgHyaCU9yYXvcLsvoVaHJq/s5xXI6/XXP6tz7R9xAOtHnSO/tXtF3WRTlA==",
      "dev": true
    },
    "node_modules/nanoid": {
      "version": "5.0.9",
      "resolved": "https://registry.npmjs.org/nanoid/-/nanoid-5.0.9.tgz",
      "integrity": "sha512-Aooyr6MXU6HpvvWXKoVoXwKMs/KyVakWwg7xQfv5/S/RIgJMy0Ifa45H9qqYy7pTCszrHzP21Uk4PZq2HpEM8Q==",
      "funding": [
        {
          "type": "github",
          "url": "https://github.com/sponsors/ai"
        }
      ],
      "bin": {
        "nanoid": "bin/nanoid.js"
      },
      "engines": {
        "node": "^18 || >=20"
      }
    },
    "node_modules/node-ensure": {
      "version": "0.0.0",
      "resolved": "https://registry.npmjs.org/node-ensure/-/node-ensure-0.0.0.tgz",
      "integrity": "sha512-DRI60hzo2oKN1ma0ckc6nQWlHU69RH6xN0sjQTjMpChPfTYvKZdcQFfdYK2RWbJcKyUizSIy/l8OTGxMAM1QDw=="
    },
    "node_modules/ollama": {
      "version": "0.5.12",
      "resolved": "https://registry.npmjs.org/ollama/-/ollama-0.5.12.tgz",
      "integrity": "sha512-flVH1fn1c9NF7VV3bW9kSu0E+bYc40b4DxL/gS2Debhao35osJFRDiPOj9sIWTMvcyj78Paw1OuhfIe7uhDWfQ==",
      "dependencies": {
        "whatwg-fetch": "^3.6.20"
      }
    },
    "node_modules/pdfjs-dist": {
      "version": "5.1.91",
      "resolved": "https://registry.npmjs.org/pdfjs-dist/-/pdfjs-dist-5.1.91.tgz",
      "integrity": "sha512-qSIADdagooJB4wWCBnrBJjRvASevmxL0BwafvOuKJG5uTQdYoFBrhrRYnucKNiSc9qS6JIk0hC5y1yktFljXkA==",
      "engines": {
        "node": ">=20"
      },
      "optionalDependencies": {
        "@napi-rs/canvas": "^0.1.67"
      }
    },
    "node_modules/postgres": {
      "version": "3.4.5",
      "resolved": "https://registry.npmjs.org/postgres/-/postgres-3.4.5.tgz",
      "integrity": "sha512-cDWgoah1Gez9rN3H4165peY9qfpEo+SA61oQv65O3cRUE1pOEoJWwddwcqKE8XZYjbblOJlYDlLV4h67HrEVDg==",
      "engines": {
        "node": ">=12"
      },
      "funding": {
        "type": "individual",
        "url": "https://github.com/sponsors/porsager"
      }
    },
    "node_modules/prettier": {
      "version": "3.5.3",
      "resolved": "https://registry.npmjs.org/prettier/-/prettier-3.5.3.tgz",
      "integrity": "sha512-QQtaxnoDJeAkDvDKWCLiwIXkTgRhwYDEQCghU9Z6q03iyek/rxRh/2lC3HB7P8sWT2xC/y5JDctPLBIGzHKbhw==",
      "dev": true,
      "bin": {
        "prettier": "bin/prettier.cjs"
      },
      "engines": {
        "node": ">=14"
      },
      "funding": {
        "url": "https://github.com/prettier/prettier?sponsor=1"
      }
    },
    "node_modules/react": {
      "version": "19.0.0",
      "resolved": "https://registry.npmjs.org/react/-/react-19.0.0.tgz",
      "integrity": "sha512-V8AVnmPIICiWpGfm6GLzCR/W5FXLchHop40W4nXBmdlEceh16rCN8O8LNWm5bh5XUX91fh7KpA+W0TgMKmgTpQ==",
      "peer": true,
      "engines": {
        "node": ">=0.10.0"
      }
    },
    "node_modules/resolve-pkg-maps": {
      "version": "1.0.0",
      "resolved": "https://registry.npmjs.org/resolve-pkg-maps/-/resolve-pkg-maps-1.0.0.tgz",
      "integrity": "sha512-seS2Tj26TBVOC2NIc2rOe2y2ZO7efxITtLZcGSOnHHNOQ7CkiUBfw0Iw2ck6xkIhPwLhKNLS8BO+hEpngQlqzw==",
      "dev": true,
      "funding": {
        "url": "https://github.com/privatenumber/resolve-pkg-maps?sponsor=1"
      }
    },
    "node_modules/secure-json-parse": {
      "version": "2.7.0",
      "resolved": "https://registry.npmjs.org/secure-json-parse/-/secure-json-parse-2.7.0.tgz",
      "integrity": "sha512-6aU+Rwsezw7VR8/nyvKTx8QpWH9FrcYiXXlqC4z5d5XQBDRqtbfsRjnwGyqbi3gddNtWHuEk9OANUotL26qKUw=="
    },
    "node_modules/source-map": {
      "version": "0.6.1",
      "resolved": "https://registry.npmjs.org/source-map/-/source-map-0.6.1.tgz",
      "integrity": "sha512-UjgapumWlbMhkBgzT7Ykc5YXUT46F0iKu8SGXq0bcwP5dz/h0Plj6enJqjz1Zbq2l5WaqYnrVbwWOWMyF3F47g==",
      "dev": true,
      "engines": {
        "node": ">=0.10.0"
      }
    },
    "node_modules/source-map-support": {
      "version": "0.5.21",
      "resolved": "https://registry.npmjs.org/source-map-support/-/source-map-support-0.5.21.tgz",
      "integrity": "sha512-uBHU3L3czsIyYXKX88fdrGovxdSCoTGDRZ6SYXtSRxLZUzHg5P/66Ht6uoUlHu9EZod+inXhKo3qQgwXUT/y1w==",
      "dev": true,
      "dependencies": {
        "buffer-from": "^1.0.0",
        "source-map": "^0.6.0"
      }
    },
    "node_modules/swr": {
      "version": "2.3.0",
      "resolved": "https://registry.npmjs.org/swr/-/swr-2.3.0.tgz",
      "integrity": "sha512-NyZ76wA4yElZWBHzSgEJc28a0u6QZvhb6w0azeL2k7+Q1gAzVK+IqQYXhVOC/mzi+HZIozrZvBVeSeOZNR2bqA==",
      "dependencies": {
        "dequal": "^2.0.3",
        "use-sync-external-store": "^1.4.0"
      },
      "peerDependencies": {
        "react": "^16.11.0 || ^17.0.0 || ^18.0.0 || ^19.0.0"
      }
    },
    "node_modules/throttleit": {
      "version": "2.1.0",
      "resolved": "https://registry.npmjs.org/throttleit/-/throttleit-2.1.0.tgz",
      "integrity": "sha512-nt6AMGKW1p/70DF/hGBdJB57B8Tspmbp5gfJ8ilhLnt7kkr2ye7hzD6NVG8GGErk2HWF34igrL2CXmNIkzKqKw==",
      "engines": {
        "node": ">=18"
      },
      "funding": {
        "url": "https://github.com/sponsors/sindresorhus"
      }
    },
    "node_modules/ts-node": {
      "version": "10.9.2",
      "resolved": "https://registry.npmjs.org/ts-node/-/ts-node-10.9.2.tgz",
      "integrity": "sha512-f0FFpIdcHgn8zcPSbf1dRevwt047YMnaiJM3u2w2RewrB+fob/zePZcrOyQoLMMO7aBIddLcQIEK5dYjkLnGrQ==",
      "dev": true,
      "dependencies": {
        "@cspotcode/source-map-support": "^0.8.0",
        "@tsconfig/node10": "^1.0.7",
        "@tsconfig/node12": "^1.0.7",
        "@tsconfig/node14": "^1.0.0",
        "@tsconfig/node16": "^1.0.2",
        "acorn": "^8.4.1",
        "acorn-walk": "^8.1.1",
        "arg": "^4.1.0",
        "create-require": "^1.1.0",
        "diff": "^4.0.1",
        "make-error": "^1.1.1",
        "v8-compile-cache-lib": "^3.0.1",
        "yn": "3.1.1"
      },
      "bin": {
        "ts-node": "dist/bin.js",
        "ts-node-cwd": "dist/bin-cwd.js",
        "ts-node-esm": "dist/bin-esm.js",
        "ts-node-script": "dist/bin-script.js",
        "ts-node-transpile-only": "dist/bin-transpile.js",
        "ts-script": "dist/bin-script-deprecated.js"
      },
      "peerDependencies": {
        "@swc/core": ">=1.2.50",
        "@swc/wasm": ">=1.2.50",
        "@types/node": "*",
        "typescript": ">=2.7"
      },
      "peerDependenciesMeta": {
        "@swc/core": {
          "optional": true
        },
        "@swc/wasm": {
          "optional": true
        }
      }
    },
    "node_modules/tsx": {
      "version": "4.19.2",
      "resolved": "https://registry.npmjs.org/tsx/-/tsx-4.19.2.tgz",
      "integrity": "sha512-pOUl6Vo2LUq/bSa8S5q7b91cgNSjctn9ugq/+Mvow99qW6x/UZYwzxy/3NmqoT66eHYfCVvFvACC58UBPFf28g==",
      "dev": true,
      "dependencies": {
        "esbuild": "~0.23.0",
        "get-tsconfig": "^4.7.5"
      },
      "bin": {
        "tsx": "dist/cli.mjs"
      },
      "engines": {
        "node": ">=18.0.0"
      },
      "optionalDependencies": {
        "fsevents": "~2.3.3"
      }
    },
    "node_modules/tsx/node_modules/@esbuild/darwin-arm64": {
      "version": "0.23.1",
      "resolved": "https://registry.npmjs.org/@esbuild/darwin-arm64/-/darwin-arm64-0.23.1.tgz",
      "integrity": "sha512-YsS2e3Wtgnw7Wq53XXBLcV6JhRsEq8hkfg91ESVadIrzr9wO6jJDMZnCQbHm1Guc5t/CdDiFSSfWP58FNuvT3Q==",
      "cpu": [
        "arm64"
      ],
      "dev": true,
      "optional": true,
      "os": [
        "darwin"
      ],
      "engines": {
        "node": ">=18"
      }
    },
    "node_modules/tsx/node_modules/esbuild": {
      "version": "0.23.1",
      "resolved": "https://registry.npmjs.org/esbuild/-/esbuild-0.23.1.tgz",
      "integrity": "sha512-VVNz/9Sa0bs5SELtn3f7qhJCDPCF5oMEl5cO9/SSinpE9hbPVvxbd572HH5AKiP7WD8INO53GgfDDhRjkylHEg==",
      "dev": true,
      "hasInstallScript": true,
      "bin": {
        "esbuild": "bin/esbuild"
      },
      "engines": {
        "node": ">=18"
      },
      "optionalDependencies": {
        "@esbuild/aix-ppc64": "0.23.1",
        "@esbuild/android-arm": "0.23.1",
        "@esbuild/android-arm64": "0.23.1",
        "@esbuild/android-x64": "0.23.1",
        "@esbuild/darwin-arm64": "0.23.1",
        "@esbuild/darwin-x64": "0.23.1",
        "@esbuild/freebsd-arm64": "0.23.1",
        "@esbuild/freebsd-x64": "0.23.1",
        "@esbuild/linux-arm": "0.23.1",
        "@esbuild/linux-arm64": "0.23.1",
        "@esbuild/linux-ia32": "0.23.1",
        "@esbuild/linux-loong64": "0.23.1",
        "@esbuild/linux-mips64el": "0.23.1",
        "@esbuild/linux-ppc64": "0.23.1",
        "@esbuild/linux-riscv64": "0.23.1",
        "@esbuild/linux-s390x": "0.23.1",
        "@esbuild/linux-x64": "0.23.1",
        "@esbuild/netbsd-x64": "0.23.1",
        "@esbuild/openbsd-arm64": "0.23.1",
        "@esbuild/openbsd-x64": "0.23.1",
        "@esbuild/sunos-x64": "0.23.1",
        "@esbuild/win32-arm64": "0.23.1",
        "@esbuild/win32-ia32": "0.23.1",
        "@esbuild/win32-x64": "0.23.1"
      }
    },
    "node_modules/typescript": {
      "version": "5.7.3",
      "resolved": "https://registry.npmjs.org/typescript/-/typescript-5.7.3.tgz",
      "integrity": "sha512-84MVSjMEHP+FQRPy3pX9sTVV/INIex71s9TL2Gm5FG/WG1SqXeKyZ0k7/blY/4FdOzI12CBy1vGc4og/eus0fw==",
      "dev": true,
      "bin": {
        "tsc": "bin/tsc",
        "tsserver": "bin/tsserver"
      },
      "engines": {
        "node": ">=14.17"
      }
    },
    "node_modules/undici-types": {
      "version": "6.20.0",
      "resolved": "https://registry.npmjs.org/undici-types/-/undici-types-6.20.0.tgz",
      "integrity": "sha512-Ny6QZ2Nju20vw1SRHe3d9jVu6gJ+4e3+MMpqu7pqE5HT6WsTSlce++GQmK5UXS8mzV8DSYHrQH+Xrf2jVcuKNg==",
      "dev": true
    },
    "node_modules/use-sync-external-store": {
      "version": "1.4.0",
      "resolved": "https://registry.npmjs.org/use-sync-external-store/-/use-sync-external-store-1.4.0.tgz",
      "integrity": "sha512-9WXSPC5fMv61vaupRkCKCxsPxBocVnwakBEkMIHHpkTTg6icbJtg6jzgtLDm4bl3cSHAca52rYWih0k4K3PfHw==",
      "peerDependencies": {
        "react": "^16.8.0 || ^17.0.0 || ^18.0.0 || ^19.0.0"
      }
    },
    "node_modules/v8-compile-cache-lib": {
      "version": "3.0.1",
      "resolved": "https://registry.npmjs.org/v8-compile-cache-lib/-/v8-compile-cache-lib-3.0.1.tgz",
      "integrity": "sha512-wa7YjyUGfNZngI/vtK0UHAN+lgDCxBPCylVXGp0zu59Fz5aiGtNXaq3DhIov063MorB+VfufLh3JlF2KdTK3xg==",
      "dev": true
    },
    "node_modules/whatwg-fetch": {
      "version": "3.6.20",
      "resolved": "https://registry.npmjs.org/whatwg-fetch/-/whatwg-fetch-3.6.20.tgz",
      "integrity": "sha512-EqhiFU6daOA8kpjOWTL0olhVOF3i7OrFzSYiGsEMB8GcXS+RrzauAERX65xMeNWVqxA6HXH2m69Z9LaKKdisfg=="
    },
    "node_modules/yn": {
      "version": "3.1.1",
      "resolved": "https://registry.npmjs.org/yn/-/yn-3.1.1.tgz",
      "integrity": "sha512-Ux4ygGWsu2c7isFWe8Yu1YluJmqVhxqK2cLXNQA5AcC3QfbGNpM7fu0Y8b/z16pXLnFxZYvWhd3fhBY9DLmC6Q==",
      "dev": true,
      "engines": {
        "node": ">=6"
      }
    },
    "node_modules/zod": {
      "version": "3.24.1",
      "resolved": "https://registry.npmjs.org/zod/-/zod-3.24.1.tgz",
      "integrity": "sha512-muH7gBL9sI1nciMZV67X5fTKKBLtwpZ5VBp1vsOQzj1MhrBZ4wlVCm3gedKZWLp0Oyel8sIGfeiz54Su+OVT+A==",
      "funding": {
        "url": "https://github.com/sponsors/colinhacks"
      }
    },
    "node_modules/zod-to-json-schema": {
      "version": "3.24.1",
      "resolved": "https://registry.npmjs.org/zod-to-json-schema/-/zod-to-json-schema-3.24.1.tgz",
      "integrity": "sha512-3h08nf3Vw3Wl3PK+q3ow/lIil81IT2Oa7YpQyUUDsEWbXveMesdfK1xBd2RhCkynwZndAxixji/7SYJJowr62w==",
      "peerDependencies": {
        "zod": "^3.24.1"
      }
    }
  }
}
